
Microsoft Visual Studio Solution File, Format Version 12.00
# Visual Studio 15
VisualStudioVersion = 15.0.27703.2026
MinimumVisualStudioVersion = 10.0.40219.1
Project("{2150E333-8FDC-42A3-9474-1A3956D46DE8}") = "src", "src", "{CEBAB92E-E29A-4D09-BFFF-657B2B59D95F}"
EndProject
Project("{FAE04EC0-301F-11D3-BF4B-00C04F79EFBC}") = "VsLauncher", "src\VsLauncher\VsLauncher.csproj", "{7C10A973-4605-4199-8C21-EB7558A9C3DD}"
EndProject
Global
	GlobalSection(SolutionConfigurationPlatforms) = preSolution
		Debug|Any CPU = Debug|Any CPU
		Release|Any CPU = Release|Any CPU
	EndGlobalSection
	GlobalSection(ProjectConfigurationPlatforms) = postSolution
		{7C10A973-4605-4199-8C21-EB7558A9C3DD}.Debug|Any CPU.ActiveCfg = Debug|Any CPU
		{7C10A973-4605-4199-8C21-EB7558A9C3DD}.Debug|Any CPU.Build.0 = Debug|Any CPU
		{7C10A973-4605-4199-8C21-EB7558A9C3DD}.Release|Any CPU.ActiveCfg = Release|Any CPU
		{7C10A973-4605-4199-8C21-EB7558A9C3DD}.Release|Any CPU.Build.0 = Release|Any CPU
	EndGlobalSection
	GlobalSection(SolutionProperties) = preSolution
		HideSolutionNode = FALSE
	EndGlobalSection
	GlobalSection(NestedProjects) = preSolution
		{7C10A973-4605-4199-8C21-EB7558A9C3DD} = {CEBAB92E-E29A-4D09-BFFF-657B2B59D95F}
	EndGlobalSection
	GlobalSection(ExtensibilityGlobals) = postSolution
		SolutionGuid = {B42E010B-0218-4F33-B6E7-C13D44D50694}
	EndGlobalSection
EndGlobal
